{
  "name": "Portfolio_Website",
  "lockfileVersion": 3,
  "requires": true,
  "packages": {
    "": {
      "dependencies": {
        "unoverlay-vue": "^0.3.0",
        "usemodal-vue3": "^0.3.7"
      }
    },
    "node_modules/@types/web-bluetooth": {
      "version": "0.0.14",
      "resolved": "https://registry.npmjs.org/@types/web-bluetooth/-/web-bluetooth-0.0.14.tgz",
      "integrity": "sha512-5d2RhCard1nQUC3aHcq/gHzWYO6K0WJmAbjO7mQJgCQKtZpgXxv1rOM6O/dBDhDYYVutk1sciOgNSe+5YyfM8A=="
    },
    "node_modules/@vueuse/core": {
      "version": "8.9.4",
      "resolved": "https://registry.npmjs.org/@vueuse/core/-/core-8.9.4.tgz",
      "integrity": "sha512-B/Mdj9TK1peFyWaPof+Zf/mP9XuGAngaJZBwPaXBvU3aCTZlx3ltlrFFFyMV4iGBwsjSCeUCgZrtkEj9dS2Y3Q==",
      "dependencies": {
        "@types/web-bluetooth": "^0.0.14",
        "@vueuse/metadata": "8.9.4",
        "@vueuse/shared": "8.9.4",
        "vue-demi": "*"
      },
      "funding": {
        "url": "https://github.com/sponsors/antfu"
      },
      "peerDependencies": {
        "@vue/composition-api": "^1.1.0",
        "vue": "^2.6.0 || ^3.2.0"
      },
      "peerDependenciesMeta": {
        "@vue/composition-api": {
          "optional": true
        },
        "vue": {
          "optional": true
        }
      }
    },
    "node_modules/@vueuse/metadata": {
      "version": "8.9.4",
      "resolved": "https://registry.npmjs.org/@vueuse/metadata/-/metadata-8.9.4.tgz",
      "integrity": "sha512-IwSfzH80bnJMzqhaapqJl9JRIiyQU0zsRGEgnxN6jhq7992cPUJIRfV+JHRIZXjYqbwt07E1gTEp0R0zPJ1aqw==",
      "funding": {
        "url": "https://github.com/sponsors/antfu"
      }
    },
    "node_modules/@vueuse/shared": {
      "version": "8.9.4",
      "resolved": "https://registry.npmjs.org/@vueuse/shared/-/shared-8.9.4.tgz",
      "integrity": "sha512-wt+T30c4K6dGRMVqPddexEVLa28YwxW5OFIPmzUHICjphfAuBFTTdDoyqREZNDOFJZ44ARH1WWQNCUK8koJ+Ag==",
      "dependencies": {
        "vue-demi": "*"
      },
      "funding": {
        "url": "https://github.com/sponsors/antfu"
      },
      "peerDependencies": {
        "@vue/composition-api": "^1.1.0",
        "vue": "^2.6.0 || ^3.2.0"
      },
      "peerDependenciesMeta": {
        "@vue/composition-api": {
          "optional": true
        },
        "vue": {
          "optional": true
        }
      }
    },
    "node_modules/mitt": {
      "version": "3.0.1",
      "resolved": "https://registry.npmjs.org/mitt/-/mitt-3.0.1.tgz",
      "integrity": "sha512-vKivATfr97l2/QBCYAkXYDbrIWPM2IIKEl7YPhjCvKlG3kE2gm+uBo6nEXK3M5/Ffh/FLpKExzOQ3JJoJGFKBw=="
    },
    "node_modules/no-case": {
      "version": "4.0.0",
      "resolved": "https://registry.npmjs.org/no-case/-/no-case-4.0.0.tgz",
      "integrity": "sha512-WmS3EUGw+vXHlTgiUPi3NzbZNwH6+uGX0QLGgqG+aFSJ5rkX/Ee0nuwHBJfZTfQwwR8lGO819NEIwQ7CGhkdEQ==",
      "deprecated": "Use `change-case`"
    },
    "node_modules/pascal-case": {
      "version": "4.0.0",
      "resolved": "https://registry.npmjs.org/pascal-case/-/pascal-case-4.0.0.tgz",
      "integrity": "sha512-DPrSBfN1ivlJ5WwTdcBfCfmOHZXjaeW+b8DMHXcUWiR8wmO92T6N8elBsJj/v3g+INObw8Zx/q6eFAjA1w071Q==",
      "deprecated": "Use `change-case`",
      "dependencies": {
        "no-case": "^4.0.0"
      }
    },
    "node_modules/unoverlay-vue": {
      "version": "0.3.0",
      "resolved": "https://registry.npmjs.org/unoverlay-vue/-/unoverlay-vue-0.3.0.tgz",
      "integrity": "sha512-bvFEQqqxORZrASTgg5kRrczaf8wNP6yOpENUQwhZeoK9155q/+NYC1ZJej7GNXAfdLDAm0iI2z3dMG3YkXtAoQ==",
      "deprecated": "unoverlay-vue to discard! Please use [@unoverlays/vue](https://www.npmjs.com/package/@unoverlays/vue)",
      "dependencies": {
        "@vueuse/core": "^8.7.4",
        "mitt": "^3.0.0",
        "pascal-case": "latest",
        "vue-demi": "latest"
      },
      "peerDependencies": {
        "@vue/composition-api": "^1.0.0-rc.1",
        "vue": "^2.0.0 || >=3.0.0"
      },
      "peerDependenciesMeta": {
        "@vue/composition-api": {
          "optional": true
        }
      }
    },
    "node_modules/usemodal-vue3": {
      "version": "0.3.7",
      "resolved": "https://registry.npmjs.org/usemodal-vue3/-/usemodal-vue3-0.3.7.tgz",
      "integrity": "sha512-9WQC4UWDl7DFSuT6Q85TTEr1ZRvf5IIXb2TZcWg9uaF1dFa0tSkHhEw8/Pj3s43MLNy/uc/pMnZKLrscANuB9w=="
    },
    "node_modules/vue": {
      "version": "2.6.14",
      "resolved": "https://registry.npmjs.org/vue/-/vue-2.6.14.tgz",
      "integrity": "sha512-x2284lgYvjOMj3Za7kqzRcUSxBboHqtgRE2zlos1qWaOye5yUmHn42LB1250NJBLRwEcdrB0JRwyPTEPhfQjiQ==",
      "deprecated": "Vue 2 has reached EOL and is no longer actively maintained. See https://v2.vuejs.org/eol/ for more details.",
      "peer": true
    },
    "node_modules/vue-demi": {
      "version": "0.14.7",
      "resolved": "https://registry.npmjs.org/vue-demi/-/vue-demi-0.14.7.tgz",
      "integrity": "sha512-EOG8KXDQNwkJILkx/gPcoL/7vH+hORoBaKgGe+6W7VFMvCYJfmF2dGbvgDroVnI8LU7/kTu8mbjRZGBU1z9NTA==",
      "hasInstallScript": true,
      "bin": {
        "vue-demi-fix": "bin/vue-demi-fix.js",
        "vue-demi-switch": "bin/vue-demi-switch.js"
      },
      "engines": {
        "node": ">=12"
      },
      "funding": {
        "url": "https://github.com/sponsors/antfu"
      },
      "peerDependencies": {
        "@vue/composition-api": "^1.0.0-rc.1",
        "vue": "^3.0.0-0 || ^2.6.0"
      },
      "peerDependenciesMeta": {
        "@vue/composition-api": {
          "optional": true
        }
      }
    }
  }
}
